
Microsoft Visual Studio Solution File, Format Version 12.00
# Visual Studio Version 17
VisualStudioVersion = 17.4.33103.184
MinimumVisualStudioVersion = 10.0.40219.1
Project("{9A19103F-16F7-4668-BE54-9A1E7A4F7556}") = "PowerBear_Render_WPF_Ver", "PowerBear_Render_WPF_Ver\PowerBear_Render_WPF_Ver.csproj", "{1128412A-0573-4B9E-92E9-676EEA49F731}"
	ProjectSection(ProjectDependencies) = postProject
		{D5E915E9-CC5B-43A0-A831-62905848E0B1} = {D5E915E9-CC5B-43A0-A831-62905848E0B1}
	EndProjectSection
EndProject
Project("{8BC9CEB8-8B4A-11D0-8D11-00A0C91BC942}") = "PowerBear_Render_CPP_DLL", "PowerBear_Render_CPP_DLL\PowerBear_Render_CPP_DLL.vcxproj", "{D5E915E9-CC5B-43A0-A831-62905848E0B1}"
EndProject
Project("{9A19103F-16F7-4668-BE54-9A1E7A4F7556}") = "PowerBear_Render_ASPNET", "PowerBear_Render_ASPNET\PowerBear_Render_ASPNET.csproj", "{78EE6969-A8A3-4E66-A673-1AD39386D67D}"
EndProject
Global
	GlobalSection(SolutionConfigurationPlatforms) = preSolution
		Debug|Any CPU = Debug|Any CPU
		Debug|x64 = Debug|x64
		Debug|x86 = Debug|x86
		Release|Any CPU = Release|Any CPU
		Release|x64 = Release|x64
		Release|x86 = Release|x86
	EndGlobalSection
	GlobalSection(ProjectConfigurationPlatforms) = postSolution
		{1128412A-0573-4B9E-92E9-676EEA49F731}.Debug|Any CPU.ActiveCfg = Debug|Any CPU
		{1128412A-0573-4B9E-92E9-676EEA49F731}.Debug|Any CPU.Build.0 = Debug|Any CPU
		{1128412A-0573-4B9E-92E9-676EEA49F731}.Debug|x64.ActiveCfg = Debug|Any CPU
		{1128412A-0573-4B9E-92E9-676EEA49F731}.Debug|x64.Build.0 = Debug|Any CPU
		{1128412A-0573-4B9E-92E9-676EEA49F731}.Debug|x86.ActiveCfg = Debug|Any CPU
		{1128412A-0573-4B9E-92E9-676EEA49F731}.Debug|x86.Build.0 = Debug|Any CPU
		{1128412A-0573-4B9E-92E9-676EEA49F731}.Release|Any CPU.ActiveCfg = Release|Any CPU
		{1128412A-0573-4B9E-92E9-676EEA49F731}.Release|Any CPU.Build.0 = Release|Any CPU
		{1128412A-0573-4B9E-92E9-676EEA49F731}.Release|x64.ActiveCfg = Release|Any CPU
		{1128412A-0573-4B9E-92E9-676EEA49F731}.Release|x64.Build.0 = Release|Any CPU
		{1128412A-0573-4B9E-92E9-676EEA49F731}.Release|x86.ActiveCfg = Release|Any CPU
		{1128412A-0573-4B9E-92E9-676EEA49F731}.Release|x86.Build.0 = Release|Any CPU
		{D5E915E9-CC5B-43A0-A831-62905848E0B1}.Debug|Any CPU.ActiveCfg = Debug|x64
		{D5E915E9-CC5B-43A0-A831-62905848E0B1}.Debug|Any CPU.Build.0 = Debug|x64
		{D5E915E9-CC5B-43A0-A831-62905848E0B1}.Debug|x64.ActiveCfg = Debug|x64
		{D5E915E9-CC5B-43A0-A831-62905848E0B1}.Debug|x64.Build.0 = Debug|x64
		{D5E915E9-CC5B-43A0-A831-62905848E0B1}.Debug|x86.ActiveCfg = Debug|Win32
		{D5E915E9-CC5B-43A0-A831-62905848E0B1}.Debug|x86.Build.0 = Debug|Win32
		{D5E915E9-CC5B-43A0-A831-62905848E0B1}.Release|Any CPU.ActiveCfg = Release|x64
		{D5E915E9-CC5B-43A0-A831-62905848E0B1}.Release|Any CPU.Build.0 = Release|x64
		{D5E915E9-CC5B-43A0-A831-62905848E0B1}.Release|x64.ActiveCfg = Release|x64
		{D5E915E9-CC5B-43A0-A831-62905848E0B1}.Release|x64.Build.0 = Release|x64
		{D5E915E9-CC5B-43A0-A831-62905848E0B1}.Release|x86.ActiveCfg = Release|Win32
		{D5E915E9-CC5B-43A0-A831-62905848E0B1}.Release|x86.Build.0 = Release|Win32
		{78EE6969-A8A3-4E66-A673-1AD39386D67D}.Debug|Any CPU.ActiveCfg = Debug|Any CPU
		{78EE6969-A8A3-4E66-A673-1AD39386D67D}.Debug|Any CPU.Build.0 = Debug|Any CPU
		{78EE6969-A8A3-4E66-A673-1AD39386D67D}.Debug|x64.ActiveCfg = Debug|Any CPU
		{78EE6969-A8A3-4E66-A673-1AD39386D67D}.Debug|x64.Build.0 = Debug|Any CPU
		{78EE6969-A8A3-4E66-A673-1AD39386D67D}.Debug|x86.ActiveCfg = Debug|Any CPU
		{78EE6969-A8A3-4E66-A673-1AD39386D67D}.Debug|x86.Build.0 = Debug|Any CPU
		{78EE6969-A8A3-4E66-A673-1AD39386D67D}.Release|Any CPU.ActiveCfg = Release|Any CPU
		{78EE6969-A8A3-4E66-A673-1AD39386D67D}.Release|Any CPU.Build.0 = Release|Any CPU
		{78EE6969-A8A3-4E66-A673-1AD39386D67D}.Release|x64.ActiveCfg = Release|Any CPU
		{78EE6969-A8A3-4E66-A673-1AD39386D67D}.Release|x64.Build.0 = Release|Any CPU
		{78EE6969-A8A3-4E66-A673-1AD39386D67D}.Release|x86.ActiveCfg = Release|Any CPU
		{78EE6969-A8A3-4E66-A673-1AD39386D67D}.Release|x86.Build.0 = Release|Any CPU
	EndGlobalSection
	GlobalSection(SolutionProperties) = preSolution
		HideSolutionNode = FALSE
	EndGlobalSection
	GlobalSection(ExtensibilityGlobals) = postSolution
		SolutionGuid = {5F694553-2DE8-4AD6-AEEE-5ADCF2E6B0B2}
	EndGlobalSection
EndGlobal
